
Microsoft Visual Studio Solution File, Format Version 12.00
# Visual Studio Version 17
VisualStudioVersion = 17.5.33530.505
MinimumVisualStudioVersion = 10.0.40219.1
Project("{FAE04EC0-301F-11D3-BF4B-00C04F79EFBC}") = "ChromiumHistoryManipulator", "ChromiumHistoryManipulator\ChromiumHistoryManipulator.csproj", "{9A3187A1-91C4-4974-A0DB-A74340564F2A}"
EndProject
Global
	GlobalSection(SolutionConfigurationPlatforms) = preSolution
		Debug|Any CPU = Debug|Any CPU
		Release|Any CPU = Release|Any CPU
	EndGlobalSection
	GlobalSection(ProjectConfigurationPlatforms) = postSolution
		{9A3187A1-91C4-4974-A0DB-A74340564F2A}.Debug|Any CPU.ActiveCfg = Debug|Any CPU
		{9A3187A1-91C4-4974-A0DB-A74340564F2A}.Debug|Any CPU.Build.0 = Debug|Any CPU
		{9A3187A1-91C4-4974-A0DB-A74340564F2A}.Release|Any CPU.ActiveCfg = Release|Any CPU
		{9A3187A1-91C4-4974-A0DB-A74340564F2A}.Release|Any CPU.Build.0 = Release|Any CPU
	EndGlobalSection
	GlobalSection(SolutionProperties) = preSolution
		HideSolutionNode = FALSE
	EndGlobalSection
	GlobalSection(ExtensibilityGlobals) = postSolution
		SolutionGuid = {DA6C2DFE-55C5-4687-8968-C419BA9F8771}
	EndGlobalSection
EndGlobal
